
Microsoft Visual Studio Solution File, Format Version 11.00
# Visual Studio 2010
Project("{FAE04EC0-301F-11D3-BF4B-00C04F79EFBC}") = "Assembly-CSharp", "Assembly-CSharp.csproj", "{a8160072-acb7-7c8a-972f-a26e83f34a24}"
EndProject
Project("{FAE04EC0-301F-11D3-BF4B-00C04F79EFBC}") = "Assembly-CSharp-Editor", "Assembly-CSharp-Editor.csproj", "{60a6b6c6-a7bb-bfc0-b27e-3940b5d9db5d}"
EndProject
Global
	GlobalSection(SolutionConfigurationPlatforms) = preSolution
		Debug|Any CPU = Debug|Any CPU
	EndGlobalSection
	GlobalSection(ProjectConfigurationPlatforms) = postSolution
		{a8160072-acb7-7c8a-972f-a26e83f34a24}.Debug|Any CPU.ActiveCfg = Debug|Any CPU
		{a8160072-acb7-7c8a-972f-a26e83f34a24}.Debug|Any CPU.Build.0 = Debug|Any CPU
		{60a6b6c6-a7bb-bfc0-b27e-3940b5d9db5d}.Debug|Any CPU.ActiveCfg = Debug|Any CPU
		{60a6b6c6-a7bb-bfc0-b27e-3940b5d9db5d}.Debug|Any CPU.Build.0 = Debug|Any CPU
	EndGlobalSection
	GlobalSection(SolutionProperties) = preSolution
		HideSolutionNode = FALSE
	EndGlobalSection
EndGlobal
